
Microsoft Visual Studio Solution File, Format Version 12.00
# Visual Studio Version 16
VisualStudioVersion = 16.0.30907.101
MinimumVisualStudioVersion = 10.0.40219.1
Project("{9A19103F-16F7-4668-BE54-9A1E7A4F7556}") = "Kampİntro", "Kampİntro\Kampİntro.csproj", "{A275D384-A721-4ECD-9191-09843580892B}"
EndProject
Project("{9A19103F-16F7-4668-BE54-9A1E7A4F7556}") = "Donguler", "Donguler\Donguler.csproj", "{E6400842-E46E-4FE6-AB20-C3DD9DFA4CB2}"
EndProject
Project("{9A19103F-16F7-4668-BE54-9A1E7A4F7556}") = "Classintro", "Classintro\Classintro.csproj", "{CDCD7264-AD06-4976-93FF-4D08FB96436C}"
EndProject
Project("{9A19103F-16F7-4668-BE54-9A1E7A4F7556}") = "Metotlar", "Metotlar\Metotlar.csproj", "{AD651E56-7F69-4D90-9B4D-7681BDC2027B}"
EndProject
Project("{9A19103F-16F7-4668-BE54-9A1E7A4F7556}") = "Matematik", "Matematik\Matematik.csproj", "{C0FE898F-7E9C-4CEF-B552-7270E1A58B6B}"
EndProject
Project("{9A19103F-16F7-4668-BE54-9A1E7A4F7556}") = "DegerVeReferansTipler", "DegerVeReferansTipler\DegerVeReferansTipler.csproj", "{471493FF-723D-46E6-BCBC-B1CE033744B4}"
EndProject
Project("{FAE04EC0-301F-11D3-BF4B-00C04F79EFBC}") = "OOP1", "OOP1\OOP1.csproj", "{D70789B4-23BC-476E-953D-8D3B31F33815}"
EndProject
Project("{FAE04EC0-301F-11D3-BF4B-00C04F79EFBC}") = "Koleksiyonlar", "Koleksiyonlar\Koleksiyonlar.csproj", "{E3CD5C3B-897A-4562-9E7A-1C07614A02CA}"
EndProject
Project("{FAE04EC0-301F-11D3-BF4B-00C04F79EFBC}") = "GenericsIntro", "GenericsIntro\GenericsIntro.csproj", "{D72F80C4-463A-4824-8137-2872CF2EE292}"
EndProject
Global
	GlobalSection(SolutionConfigurationPlatforms) = preSolution
		Debug|Any CPU = Debug|Any CPU
		Release|Any CPU = Release|Any CPU
	EndGlobalSection
	GlobalSection(ProjectConfigurationPlatforms) = postSolution
		{A275D384-A721-4ECD-9191-09843580892B}.Debug|Any CPU.ActiveCfg = Debug|Any CPU
		{A275D384-A721-4ECD-9191-09843580892B}.Debug|Any CPU.Build.0 = Debug|Any CPU
		{A275D384-A721-4ECD-9191-09843580892B}.Release|Any CPU.ActiveCfg = Release|Any CPU
		{A275D384-A721-4ECD-9191-09843580892B}.Release|Any CPU.Build.0 = Release|Any CPU
		{E6400842-E46E-4FE6-AB20-C3DD9DFA4CB2}.Debug|Any CPU.ActiveCfg = Debug|Any CPU
		{E6400842-E46E-4FE6-AB20-C3DD9DFA4CB2}.Debug|Any CPU.Build.0 = Debug|Any CPU
		{E6400842-E46E-4FE6-AB20-C3DD9DFA4CB2}.Release|Any CPU.ActiveCfg = Release|Any CPU
		{E6400842-E46E-4FE6-AB20-C3DD9DFA4CB2}.Release|Any CPU.Build.0 = Release|Any CPU
		{CDCD7264-AD06-4976-93FF-4D08FB96436C}.Debug|Any CPU.ActiveCfg = Debug|Any CPU
		{CDCD7264-AD06-4976-93FF-4D08FB96436C}.Debug|Any CPU.Build.0 = Debug|Any CPU
		{CDCD7264-AD06-4976-93FF-4D08FB96436C}.Release|Any CPU.ActiveCfg = Release|Any CPU
		{CDCD7264-AD06-4976-93FF-4D08FB96436C}.Release|Any CPU.Build.0 = Release|Any CPU
		{AD651E56-7F69-4D90-9B4D-7681BDC2027B}.Debug|Any CPU.ActiveCfg = Debug|Any CPU
		{AD651E56-7F69-4D90-9B4D-7681BDC2027B}.Debug|Any CPU.Build.0 = Debug|Any CPU
		{AD651E56-7F69-4D90-9B4D-7681BDC2027B}.Release|Any CPU.ActiveCfg = Release|Any CPU
		{AD651E56-7F69-4D90-9B4D-7681BDC2027B}.Release|Any CPU.Build.0 = Release|Any CPU
		{C0FE898F-7E9C-4CEF-B552-7270E1A58B6B}.Debug|Any CPU.ActiveCfg = Debug|Any CPU
		{C0FE898F-7E9C-4CEF-B552-7270E1A58B6B}.Debug|Any CPU.Build.0 = Debug|Any CPU
		{C0FE898F-7E9C-4CEF-B552-7270E1A58B6B}.Release|Any CPU.ActiveCfg = Release|Any CPU
		{C0FE898F-7E9C-4CEF-B552-7270E1A58B6B}.Release|Any CPU.Build.0 = Release|Any CPU
		{471493FF-723D-46E6-BCBC-B1CE033744B4}.Debug|Any CPU.ActiveCfg = Debug|Any CPU
		{471493FF-723D-46E6-BCBC-B1CE033744B4}.Debug|Any CPU.Build.0 = Debug|Any CPU
		{471493FF-723D-46E6-BCBC-B1CE033744B4}.Release|Any CPU.ActiveCfg = Release|Any CPU
		{471493FF-723D-46E6-BCBC-B1CE033744B4}.Release|Any CPU.Build.0 = Release|Any CPU
		{D70789B4-23BC-476E-953D-8D3B31F33815}.Debug|Any CPU.ActiveCfg = Debug|Any CPU
		{D70789B4-23BC-476E-953D-8D3B31F33815}.Debug|Any CPU.Build.0 = Debug|Any CPU
		{D70789B4-23BC-476E-953D-8D3B31F33815}.Release|Any CPU.ActiveCfg = Release|Any CPU
		{D70789B4-23BC-476E-953D-8D3B31F33815}.Release|Any CPU.Build.0 = Release|Any CPU
		{E3CD5C3B-897A-4562-9E7A-1C07614A02CA}.Debug|Any CPU.ActiveCfg = Debug|Any CPU
		{E3CD5C3B-897A-4562-9E7A-1C07614A02CA}.Debug|Any CPU.Build.0 = Debug|Any CPU
		{E3CD5C3B-897A-4562-9E7A-1C07614A02CA}.Release|Any CPU.ActiveCfg = Release|Any CPU
		{E3CD5C3B-897A-4562-9E7A-1C07614A02CA}.Release|Any CPU.Build.0 = Release|Any CPU
		{D72F80C4-463A-4824-8137-2872CF2EE292}.Debug|Any CPU.ActiveCfg = Debug|Any CPU
		{D72F80C4-463A-4824-8137-2872CF2EE292}.Debug|Any CPU.Build.0 = Debug|Any CPU
		{D72F80C4-463A-4824-8137-2872CF2EE292}.Release|Any CPU.ActiveCfg = Release|Any CPU
		{D72F80C4-463A-4824-8137-2872CF2EE292}.Release|Any CPU.Build.0 = Release|Any CPU
	EndGlobalSection
	GlobalSection(SolutionProperties) = preSolution
		HideSolutionNode = FALSE
	EndGlobalSection
	GlobalSection(ExtensibilityGlobals) = postSolution
		SolutionGuid = {CD43E057-300A-440B-85FD-A3A31E626D15}
	EndGlobalSection
EndGlobal
